
Microsoft Visual Studio Solution File, Format Version 10.00
# Visual Studio 2008
Project("{8BC9CEB8-8B4A-11D0-8D11-00A0C91BC942}") = "TemplateExample", "TemplateExample\TemplateExample.vcproj", "{E2BE3C27-11BE-4527-8A9A-B22972D5065D}"
EndProject
Global
	GlobalSection(SolutionConfigurationPlatforms) = preSolution
		Debug|Win32 = Debug|Win32
		Release|Win32 = Release|Win32
	EndGlobalSection
	GlobalSection(ProjectConfigurationPlatforms) = postSolution
		{E2BE3C27-11BE-4527-8A9A-B22972D5065D}.Debug|Win32.ActiveCfg = Debug|Win32
		{E2BE3C27-11BE-4527-8A9A-B22972D5065D}.Debug|Win32.Build.0 = Debug|Win32
		{E2BE3C27-11BE-4527-8A9A-B22972D5065D}.Release|Win32.ActiveCfg = Release|Win32
		{E2BE3C27-11BE-4527-8A9A-B22972D5065D}.Release|Win32.Build.0 = Release|Win32
	EndGlobalSection
	GlobalSection(SolutionProperties) = preSolution
		HideSolutionNode = FALSE
	EndGlobalSection
EndGlobal
